// !$*UTF8*$!
{
	archiveVersion = 1;
	classes = {
	};
	objectVersion = 55;
	objects = {

/* Begin PBXBuildFile section */
		55648C97281BBC90008A00FC /* iOSPediaApp.swift in Sources */ = {isa = PBXBuildFile; fileRef = 55648C96281BBC90008A00FC /* iOSPediaApp.swift */; };
		55648C99281BBC90008A00FC /* MainView.swift in Sources */ = {isa = PBXBuildFile; fileRef = 55648C98281BBC90008A00FC /* MainView.swift */; };
		55648C9B281BBC91008A00FC /* Assets.xcassets in Resources */ = {isa = PBXBuildFile; fileRef = 55648C9A281BBC91008A00FC /* Assets.xcassets */; };
		55648C9E281BBC91008A00FC /* Preview Assets.xcassets in Resources */ = {isa = PBXBuildFile; fileRef = 55648C9D281BBC91008A00FC /* Preview Assets.xcassets */; };
		55648CA9281BBE2D008A00FC /* iOSPediaData.json in Resources */ = {isa = PBXBuildFile; fileRef = 55648CA8281BBE2D008A00FC /* iOSPediaData.json */; };
		55648CAB281BC04E008A00FC /* iOSPedia.swift in Sources */ = {isa = PBXBuildFile; fileRef = 55648CAA281BC04E008A00FC /* iOSPedia.swift */; };
		55648CAD281BC249008A00FC /* ModelData.swift in Sources */ = {isa = PBXBuildFile; fileRef = 55648CAC281BC249008A00FC /* ModelData.swift */; };
		55648CAF281BD607008A00FC /* ContentListRow.swift in Sources */ = {isa = PBXBuildFile; fileRef = 55648CAE281BD607008A00FC /* ContentListRow.swift */; };
/* End PBXBuildFile section */

/* Begin PBXFileReference section */
		55648C93281BBC90008A00FC /* iOSPedia.app */ = {isa = PBXFileReference; explicitFileType = wrapper.application; includeInIndex = 0; path = iOSPedia.app; sourceTree = BUILT_PRODUCTS_DIR; };
		55648C96281BBC90008A00FC /* iOSPediaApp.swift */ = {isa = PBXFileReference; lastKnownFileType = sourcecode.swift; path = iOSPediaApp.swift; sourceTree = "<group>"; };
		55648C98281BBC90008A00FC /* MainView.swift */ = {isa = PBXFileReference; lastKnownFileType = sourcecode.swift; path = MainView.swift; sourceTree = "<group>"; };
		55648C9A281BBC91008A00FC /* Assets.xcassets */ = {isa = PBXFileReference; lastKnownFileType = folder.assetcatalog; path = Assets.xcassets; sourceTree = "<group>"; };
		55648C9D281BBC91008A00FC /* Preview Assets.xcassets */ = {isa = PBXFileReference; lastKnownFileType = folder.assetcatalog; path = "Preview Assets.xcassets"; sourceTree = "<group>"; };
		55648CA8281BBE2D008A00FC /* iOSPediaData.json */ = {isa = PBXFileReference; lastKnownFileType = text.json; path = iOSPediaData.json; sourceTree = "<group>"; };
		55648CAA281BC04E008A00FC /* iOSPedia.swift */ = {isa = PBXFileReference; lastKnownFileType = sourcecode.swift; path = iOSPedia.swift; sourceTree = "<group>"; };
		55648CAC281BC249008A00FC /* ModelData.swift */ = {isa = PBXFileReference; lastKnownFileType = sourcecode.swift; path = ModelData.swift; sourceTree = "<group>"; };
		55648CAE281BD607008A00FC /* ContentListRow.swift */ = {isa = PBXFileReference; lastKnownFileType = sourcecode.swift; path = ContentListRow.swift; sourceTree = "<group>"; };
/* End PBXFileReference section */

/* Begin PBXFrameworksBuildPhase section */
		55648C90281BBC90008A00FC /* Frameworks */ = {
			isa = PBXFrameworksBuildPhase;
			buildActionMask = 2147483647;
			files = (
			);
			runOnlyForDeploymentPostprocessing = 0;
		};
/* End PBXFrameworksBuildPhase section */

/* Begin PBXGroup section */
		55648C8A281BBC90008A00FC = {
			isa = PBXGroup;
			children = (
				55648C95281BBC90008A00FC /* iOSPedia */,
				55648C94281BBC90008A00FC /* Products */,
			);
			sourceTree = "<group>";
		};
		55648C94281BBC90008A00FC /* Products */ = {
			isa = PBXGroup;
			children = (
				55648C93281BBC90008A00FC /* iOSPedia.app */,
			);
			name = Products;
			sourceTree = "<group>";
		};
		55648C95281BBC90008A00FC /* iOSPedia */ = {
			isa = PBXGroup;
			children = (
				55648C96281BBC90008A00FC /* iOSPediaApp.swift */,
				55648C98281BBC90008A00FC /* MainView.swift */,
				55648CAE281BD607008A00FC /* ContentListRow.swift */,
				55648CA8281BBE2D008A00FC /* iOSPediaData.json */,
				55648CAA281BC04E008A00FC /* iOSPedia.swift */,
				55648CAC281BC249008A00FC /* ModelData.swift */,
				55648C9A281BBC91008A00FC /* Assets.xcassets */,
				55648C9C281BBC91008A00FC /* Preview Content */,
			);
			path = iOSPedia;
			sourceTree = "<group>";
		};
		55648C9C281BBC91008A00FC /* Preview Content */ = {
			isa = PBXGroup;
			children = (
				55648C9D281BBC91008A00FC /* Preview Assets.xcassets */,
			);
			path = "Preview Content";
			sourceTree = "<group>";
		};
/* End PBXGroup section */

/* Begin PBXNativeTarget section */
		55648C92281BBC90008A00FC /* iOSPedia */ = {
			isa = PBXNativeTarget;
			buildConfigurationList = 55648CA1281BBC91008A00FC /* Build configuration list for PBXNativeTarget "iOSPedia" */;
			buildPhases = (
				55648C8F281BBC90008A00FC /* Sources */,
				55648C90281BBC90008A00FC /* Frameworks */,
				55648C91281BBC90008A00FC /* Resources */,
			);
			buildRules = (
			);
			dependencies = (
			);
			name = iOSPedia;
			productName = iOSPedia;
			productReference = 55648C93281BBC90008A00FC /* iOSPedia.app */;
			productType = "com.apple.product-type.application";
		};
/* End PBXNativeTarget section */

/* Begin PBXProject section */
		55648C8B281BBC90008A00FC /* Project object */ = {
			isa = PBXProject;
			attributes = {
				BuildIndependentTargetsInParallel = 1;
				LastSwiftUpdateCheck = 1330;
				LastUpgradeCheck = 1330;
				TargetAttributes = {
					55648C92281BBC90008A00FC = {
						CreatedOnToolsVersion = 13.3;
					};
				};
			};
			buildConfigurationList = 55648C8E281BBC90008A00FC /* Build configuration list for PBXProject "iOSPedia" */;
			compatibilityVersion = "Xcode 13.0";
			developmentRegion = en;
			hasScannedForEncodings = 0;
			knownRegions = (
				en,
				Base,
			);
			mainGroup = 55648C8A281BBC90008A00FC;
			productRefGroup = 55648C94281BBC90008A00FC /* Products */;
			projectDirPath = "";
			projectRoot = "";
			targets = (
				55648C92281BBC90008A00FC /* iOSPedia */,
			);
		};
/* End PBXProject section */

/* Begin PBXResourcesBuildPhase section */
		55648C91281BBC90008A00FC /* Resources */ = {
			isa = PBXResourcesBuildPhase;
			buildActionMask = 2147483647;
			files = (
				55648CA9281BBE2D008A00FC /* iOSPediaData.json in Resources */,
				55648C9E281BBC91008A00FC /* Preview Assets.xcassets in Resources */,
				55648C9B281BBC91008A00FC /* Assets.xcassets in Resources */,
			);
			runOnlyForDeploymentPostprocessing = 0;
		};
/* End PBXResourcesBuildPhase section */

/* Begin PBXSourcesBuildPhase section */
		55648C8F281BBC90008A00FC /* Sources */ = {
			isa = PBXSourcesBuildPhase;
			buildActionMask = 2147483647;
			files = (
				55648CAF281BD607008A00FC /* ContentListRow.swift in Sources */,
				55648C99281BBC90008A00FC /* MainView.swift in Sources */,
				55648CAD281BC249008A00FC /* ModelData.swift in Sources */,
				55648C97281BBC90008A00FC /* iOSPediaApp.swift in Sources */,
				55648CAB281BC04E008A00FC /* iOSPedia.swift in Sources */,
			);
			runOnlyForDeploymentPostprocessing = 0;
		};
/* End PBXSourcesBuildPhase section */

/* Begin XCBuildConfiguration section */
		55648C9F281BBC91008A00FC /* Debug */ = {
			isa = XCBuildConfiguration;
			buildSettings = {
				ALWAYS_SEARCH_USER_PATHS = NO;
				CLANG_ANALYZER_NONNULL = YES;
				CLANG_ANALYZER_NUMBER_OBJECT_CONVERSION = YES_AGGRESSIVE;
				CLANG_CXX_LANGUAGE_STANDARD = "gnu++17";
				CLANG_ENABLE_MODULES = YES;
				CLANG_ENABLE_OBJC_ARC = YES;
				CLANG_ENABLE_OBJC_WEAK = YES;
				CLANG_WARN_BLOCK_CAPTURE_AUTORELEASING = YES;
				CLANG_WARN_BOOL_CONVERSION = YES;
				CLANG_WARN_COMMA = YES;
				CLANG_WARN_CONSTANT_CONVERSION = YES;
				CLANG_WARN_DEPRECATED_OBJC_IMPLEMENTATIONS = YES;
				CLANG_WARN_DIRECT_OBJC_ISA_USAGE = YES_ERROR;
				CLANG_WARN_DOCUMENTATION_COMMENTS = YES;
				CLANG_WARN_EMPTY_BODY = YES;
				CLANG_WARN_ENUM_CONVERSION = YES;
				CLANG_WARN_INFINITE_RECURSION = YES;
				CLANG_WARN_INT_CONVERSION = YES;
				CLANG_WARN_NON_LITERAL_NULL_CONVERSION = YES;
				CLANG_WARN_OBJC_IMPLICIT_RETAIN_SELF = YES;
				CLANG_WARN_OBJC_LITERAL_CONVERSION = YES;
				CLANG_WARN_OBJC_ROOT_CLASS = YES_ERROR;
				CLANG_WARN_QUOTED_INCLUDE_IN_FRAMEWORK_HEADER = YES;
				CLANG_WARN_RANGE_LOOP_ANALYSIS = YES;
				CLANG_WARN_STRICT_PROTOTYPES = YES;
				CLANG_WARN_SUSPICIOUS_MOVE = YES;
				CLANG_WARN_UNGUARDED_AVAILABILITY = YES_AGGRESSIVE;
				CLANG_WARN_UNREACHABLE_CODE = YES;
				CLANG_WARN__DUPLICATE_METHOD_MATCH = YES;
				COPY_PHASE_STRIP = NO;
				DEBUG_INFORMATION_FORMAT = dwarf;
				ENABLE_STRICT_OBJC_MSGSEND = YES;
				ENABLE_TESTABILITY = YES;
				GCC_C_LANGUAGE_STANDARD = gnu11;
				GCC_DYNAMIC_NO_PIC = NO;
				GCC_NO_COMMON_BLOCKS = YES;
				GCC_OPTIMIZATION_LEVEL = 0;
				GCC_PREPROCESSOR_DEFINITIONS = (
					"DEBUG=1",
					"$(inherited)",
				);
				GCC_WARN_64_TO_32_BIT_CONVERSION = YES;
				GCC_WARN_ABOUT_RETURN_TYPE = YES_ERROR;
				GCC_WARN_UNDECLARED_SELECTOR = YES;
				GCC_WARN_UNINITIALIZED_AUTOS = YES_AGGRESSIVE;
				GCC_WARN_UNUSED_FUNCTION = YES;
				GCC_WARN_UNUSED_VARIABLE = YES;
				IPHONEOS_DEPLOYMENT_TARGET = 15.4;
				MTL_ENABLE_DEBUG_INFO = INCLUDE_SOURCE;
				MTL_FAST_MATH = YES;
				ONLY_ACTIVE_ARCH = YES;
				SDKROOT = iphoneos;
				SWIFT_ACTIVE_COMPILATION_CONDITIONS = DEBUG;
				SWIFT_OPTIMIZATION_LEVEL = "-Onone";
			};
			name = Debug;
		};
		55648CA0281BBC91008A00FC /* Release */ = {
			isa = XCBuildConfiguration;
			buildSettings = {
				ALWAYS_SEARCH_USER_PATHS = NO;
				CLANG_ANALYZER_NONNULL = YES;
				CLANG_ANALYZER_NUMBER_OBJECT_CONVERSION = YES_AGGRESSIVE;
				CLANG_CXX_LANGUAGE_STANDARD = "gnu++17";
				CLANG_ENABLE_MODULES = YES;
				CLANG_ENABLE_OBJC_ARC = YES;
				CLANG_ENABLE_OBJC_WEAK = YES;
				CLANG_WARN_BLOCK_CAPTURE_AUTORELEASING = YES;
				CLANG_WARN_BOOL_CONVERSION = YES;
				CLANG_WARN_COMMA = YES;
				CLANG_WARN_CONSTANT_CONVERSION = YES;
				CLANG_WARN_DEPRECATED_OBJC_IMPLEMENTATIONS = YES;
				CLANG_WARN_DIRECT_OBJC_ISA_USAGE = YES_ERROR;
				CLANG_WARN_DOCUMENTATION_COMMENTS = YES;
				CLANG_WARN_EMPTY_BODY = YES;
				CLANG_WARN_ENUM_CONVERSION = YES;
				CLANG_WARN_INFINITE_RECURSION = YES;
				CLANG_WARN_INT_CONVERSION = YES;
				CLANG_WARN_NON_LITERAL_NULL_CONVERSION = YES;
				CLANG_WARN_OBJC_IMPLICIT_RETAIN_SELF = YES;
				CLANG_WARN_OBJC_LITERAL_CONVERSION = YES;
				CLANG_WARN_OBJC_ROOT_CLASS = YES_ERROR;
				CLANG_WARN_QUOTED_INCLUDE_IN_FRAMEWORK_HEADER = YES;
				CLANG_WARN_RANGE_LOOP_ANALYSIS = YES;
				CLANG_WARN_STRICT_PROTOTYPES = YES;
				CLANG_WARN_SUSPICIOUS_MOVE = YES;
				CLANG_WARN_UNGUARDED_AVAILABILITY = YES_AGGRESSIVE;
				CLANG_WARN_UNREACHABLE_CODE = YES;
				CLANG_WARN__DUPLICATE_METHOD_MATCH = YES;
				COPY_PHASE_STRIP = NO;
				DEBUG_INFORMATION_FORMAT = "dwarf-with-dsym";
				ENABLE_NS_ASSERTIONS = NO;
				ENABLE_STRICT_OBJC_MSGSEND = YES;
				GCC_C_LANGUAGE_STANDARD = gnu11;
				GCC_NO_COMMON_BLOCKS = YES;
				GCC_WARN_64_TO_32_BIT_CONVERSION = YES;
				GCC_WARN_ABOUT_RETURN_TYPE = YES_ERROR;
				GCC_WARN_UNDECLARED_SELECTOR = YES;
				GCC_WARN_UNINITIALIZED_AUTOS = YES_AGGRESSIVE;
				GCC_WARN_UNUSED_FUNCTION = YES;
				GCC_WARN_UNUSED_VARIABLE = YES;
				IPHONEOS_DEPLOYMENT_TARGET = 15.4;
				MTL_ENABLE_DEBUG_INFO = NO;
				MTL_FAST_MATH = YES;
				SDKROOT = iphoneos;
				SWIFT_COMPILATION_MODE = wholemodule;
				SWIFT_OPTIMIZATION_LEVEL = "-O";
				VALIDATE_PRODUCT = YES;
			};
			name = Release;
		};
		55648CA2281BBC91008A00FC /* Debug */ = {
			isa = XCBuildConfiguration;
			buildSettings = {
				ASSETCATALOG_COMPILER_APPICON_NAME = AppIcon;
				ASSETCATALOG_COMPILER_GLOBAL_ACCENT_COLOR_NAME = AccentColor;
				CODE_SIGN_STYLE = Automatic;
				CURRENT_PROJECT_VERSION = 1;
				DEVELOPMENT_ASSET_PATHS = "\"iOSPedia/Preview Content\"";
				ENABLE_PREVIEWS = YES;
				GENERATE_INFOPLIST_FILE = YES;
				INFOPLIST_KEY_UIApplicationSceneManifest_Generation = YES;
				INFOPLIST_KEY_UIApplicationSupportsIndirectInputEvents = YES;
				INFOPLIST_KEY_UILaunchScreen_Generation = YES;
				INFOPLIST_KEY_UISupportedInterfaceOrientations_iPad = "UIInterfaceOrientationPortrait UIInterfaceOrientationPortraitUpsideDown UIInterfaceOrientationLandscapeLeft UIInterfaceOrientationLandscapeRight";
				INFOPLIST_KEY_UISupportedInterfaceOrientations_iPhone = "UIInterfaceOrientationPortrait UIInterfaceOrientationLandscapeLeft UIInterfaceOrientationLandscapeRight";
				LD_RUNPATH_SEARCH_PATHS = (
					"$(inherited)",
					"@executable_path/Frameworks",
				);
				MARKETING_VERSION = 1.0;
				PRODUCT_BUNDLE_IDENTIFIER = com.curry.iOSPedia;
				PRODUCT_NAME = "$(TARGET_NAME)";
				SWIFT_EMIT_LOC_STRINGS = YES;
				SWIFT_VERSION = 5.0;
				TARGETED_DEVICE_FAMILY = "1,2";
			};
			name = Debug;
		};
		55648CA3281BBC91008A00FC /* Release */ = {
			isa = XCBuildConfiguration;
			buildSettings = {
				ASSETCATALOG_COMPILER_APPICON_NAME = AppIcon;
				ASSETCATALOG_COMPILER_GLOBAL_ACCENT_COLOR_NAME = AccentColor;
				CODE_SIGN_STYLE = Automatic;
				CURRENT_PROJECT_VERSION = 1;
				DEVELOPMENT_ASSET_PATHS = "\"iOSPedia/Preview Content\"";
				ENABLE_PREVIEWS = YES;
				GENERATE_INFOPLIST_FILE = YES;
				INFOPLIST_KEY_UIApplicationSceneManifest_Generation = YES;
				INFOPLIST_KEY_UIApplicationSupportsIndirectInputEvents = YES;
				INFOPLIST_KEY_UILaunchScreen_Generation = YES;
				INFOPLIST_KEY_UISupportedInterfaceOrientations_iPad = "UIInterfaceOrientationPortrait UIInterfaceOrientationPortraitUpsideDown UIInterfaceOrientationLandscapeLeft UIInterfaceOrientationLandscapeRight";
				INFOPLIST_KEY_UISupportedInterfaceOrientations_iPhone = "UIInterfaceOrientationPortrait UIInterfaceOrientationLandscapeLeft UIInterfaceOrientationLandscapeRight";
				LD_RUNPATH_SEARCH_PATHS = (
					"$(inherited)",
					"@executable_path/Frameworks",
				);
				MARKETING_VERSION = 1.0;
				PRODUCT_BUNDLE_IDENTIFIER = com.curry.iOSPedia;
				PRODUCT_NAME = "$(TARGET_NAME)";
				SWIFT_EMIT_LOC_STRINGS = YES;
				SWIFT_VERSION = 5.0;
				TARGETED_DEVICE_FAMILY = "1,2";
			};
			name = Release;
		};
/* End XCBuildConfiguration section */

/* Begin XCConfigurationList section */
		55648C8E281BBC90008A00FC /* Build configuration list for PBXProject "iOSPedia" */ = {
			isa = XCConfigurationList;
			buildConfigurations = (
				55648C9F281BBC91008A00FC /* Debug */,
				55648CA0281BBC91008A00FC /* Release */,
			);
			defaultConfigurationIsVisible = 0;
			defaultConfigurationName = Release;
		};
		55648CA1281BBC91008A00FC /* Build configuration list for PBXNativeTarget "iOSPedia" */ = {
			isa = XCConfigurationList;
			buildConfigurations = (
				55648CA2281BBC91008A00FC /* Debug */,
				55648CA3281BBC91008A00FC /* Release */,
			);
			defaultConfigurationIsVisible = 0;
			defaultConfigurationName = Release;
		};
/* End XCConfigurationList section */
	};
	rootObject = 55648C8B281BBC90008A00FC /* Project object */;
}
